
Microsoft Visual Studio Solution File, Format Version 12.00
# Visual Studio 15
VisualStudioVersion = 15.0.28307.757
MinimumVisualStudioVersion = 10.0.40219.1
Project("{FAE04EC0-301F-11D3-BF4B-00C04F79EFBC}") = "Senai.Filmes.WebApi", "Senai.Filmes.WebApi\Senai.Filmes.WebApi.csproj", "{E8E11FE1-0F2B-4F09-A76F-489510BECC17}"
EndProject
Global
	GlobalSection(SolutionConfigurationPlatforms) = preSolution
		Debug|Any CPU = Debug|Any CPU
		Release|Any CPU = Release|Any CPU
	EndGlobalSection
	GlobalSection(ProjectConfigurationPlatforms) = postSolution
		{E8E11FE1-0F2B-4F09-A76F-489510BECC17}.Debug|Any CPU.ActiveCfg = Debug|Any CPU
		{E8E11FE1-0F2B-4F09-A76F-489510BECC17}.Debug|Any CPU.Build.0 = Debug|Any CPU
		{E8E11FE1-0F2B-4F09-A76F-489510BECC17}.Release|Any CPU.ActiveCfg = Release|Any CPU
		{E8E11FE1-0F2B-4F09-A76F-489510BECC17}.Release|Any CPU.Build.0 = Release|Any CPU
	EndGlobalSection
	GlobalSection(SolutionProperties) = preSolution
		HideSolutionNode = FALSE
	EndGlobalSection
	GlobalSection(ExtensibilityGlobals) = postSolution
		SolutionGuid = {92F0AEE3-D8C6-4835-8908-7EF30E308708}
	EndGlobalSection
EndGlobal
