
Microsoft Visual Studio Solution File, Format Version 12.00
# Visual Studio 15
VisualStudioVersion = 15.0.28307.757
MinimumVisualStudioVersion = 10.0.40219.1
Project("{FAE04EC0-301F-11D3-BF4B-00C04F79EFBC}") = "Senai.Peoples.WebApi", "Senai.Peoples.WebApi\Senai.Peoples.WebApi.csproj", "{73E73BF2-45D4-43AC-AA20-AEC5E8157DF5}"
EndProject
Global
	GlobalSection(SolutionConfigurationPlatforms) = preSolution
		Debug|Any CPU = Debug|Any CPU
		Release|Any CPU = Release|Any CPU
	EndGlobalSection
	GlobalSection(ProjectConfigurationPlatforms) = postSolution
		{73E73BF2-45D4-43AC-AA20-AEC5E8157DF5}.Debug|Any CPU.ActiveCfg = Debug|Any CPU
		{73E73BF2-45D4-43AC-AA20-AEC5E8157DF5}.Debug|Any CPU.Build.0 = Debug|Any CPU
		{73E73BF2-45D4-43AC-AA20-AEC5E8157DF5}.Release|Any CPU.ActiveCfg = Release|Any CPU
		{73E73BF2-45D4-43AC-AA20-AEC5E8157DF5}.Release|Any CPU.Build.0 = Release|Any CPU
	EndGlobalSection
	GlobalSection(SolutionProperties) = preSolution
		HideSolutionNode = FALSE
	EndGlobalSection
	GlobalSection(ExtensibilityGlobals) = postSolution
		SolutionGuid = {57BC6DD2-2FCB-4544-8ABD-B8CD6FD551AD}
	EndGlobalSection
EndGlobal
