
Microsoft Visual Studio Solution File, Format Version 12.00
# Visual Studio 15
VisualStudioVersion = 15.0.28307.757
MinimumVisualStudioVersion = 10.0.40219.1
Project("{FAE04EC0-301F-11D3-BF4B-00C04F79EFBC}") = "Senai.Optus.WebApi", "Senai.Optus.WebApi\Senai.Optus.WebApi.csproj", "{A9C34C00-8295-48BC-AFA1-F1008D97B749}"
EndProject
Global
	GlobalSection(SolutionConfigurationPlatforms) = preSolution
		Debug|Any CPU = Debug|Any CPU
		Release|Any CPU = Release|Any CPU
	EndGlobalSection
	GlobalSection(ProjectConfigurationPlatforms) = postSolution
		{A9C34C00-8295-48BC-AFA1-F1008D97B749}.Debug|Any CPU.ActiveCfg = Debug|Any CPU
		{A9C34C00-8295-48BC-AFA1-F1008D97B749}.Debug|Any CPU.Build.0 = Debug|Any CPU
		{A9C34C00-8295-48BC-AFA1-F1008D97B749}.Release|Any CPU.ActiveCfg = Release|Any CPU
		{A9C34C00-8295-48BC-AFA1-F1008D97B749}.Release|Any CPU.Build.0 = Release|Any CPU
	EndGlobalSection
	GlobalSection(SolutionProperties) = preSolution
		HideSolutionNode = FALSE
	EndGlobalSection
	GlobalSection(ExtensibilityGlobals) = postSolution
		SolutionGuid = {7FE6F962-88A9-4582-89CA-B68BFAF34230}
	EndGlobalSection
EndGlobal
